
Microsoft Visual Studio Solution File, Format Version 12.00
# Visual Studio Version 17
VisualStudioVersion = 17.5.33530.505
MinimumVisualStudioVersion = 10.0.40219.1
Project("{FAE04EC0-301F-11D3-BF4B-00C04F79EFBC}") = "Fundamentals", "Fundamentals.csproj", "{881539A1-D338-48D8-9DDD-F485D8F4C135}"
EndProject
Global
	GlobalSection(SolutionConfigurationPlatforms) = preSolution
		Debug|Any CPU = Debug|Any CPU
		Release|Any CPU = Release|Any CPU
	EndGlobalSection
	GlobalSection(ProjectConfigurationPlatforms) = postSolution
		{881539A1-D338-48D8-9DDD-F485D8F4C135}.Debug|Any CPU.ActiveCfg = Debug|Any CPU
		{881539A1-D338-48D8-9DDD-F485D8F4C135}.Debug|Any CPU.Build.0 = Debug|Any CPU
		{881539A1-D338-48D8-9DDD-F485D8F4C135}.Release|Any CPU.ActiveCfg = Release|Any CPU
		{881539A1-D338-48D8-9DDD-F485D8F4C135}.Release|Any CPU.Build.0 = Release|Any CPU
	EndGlobalSection
	GlobalSection(SolutionProperties) = preSolution
		HideSolutionNode = FALSE
	EndGlobalSection
	GlobalSection(ExtensibilityGlobals) = postSolution
		SolutionGuid = {5DC74A62-2362-486E-B4EC-F89293769613}
	EndGlobalSection
EndGlobal
